
Microsoft Visual Studio Solution File, Format Version 12.00
# Visual Studio Version 16
VisualStudioVersion = 16.0.29519.87
MinimumVisualStudioVersion = 10.0.40219.1
Project("{F184B08F-C81C-45F6-A57F-5ABD9991F28F}") = "TraceExample", "TraceExample\TraceExample.vbproj", "{6A2D8C3A-D5D6-4395-A11A-F8D7664402E4}"
EndProject
Global
	GlobalSection(SolutionConfigurationPlatforms) = preSolution
		Debug|Any CPU = Debug|Any CPU
		Release|Any CPU = Release|Any CPU
	EndGlobalSection
	GlobalSection(ProjectConfigurationPlatforms) = postSolution
		{6A2D8C3A-D5D6-4395-A11A-F8D7664402E4}.Debug|Any CPU.ActiveCfg = Debug|Any CPU
		{6A2D8C3A-D5D6-4395-A11A-F8D7664402E4}.Debug|Any CPU.Build.0 = Debug|Any CPU
		{6A2D8C3A-D5D6-4395-A11A-F8D7664402E4}.Release|Any CPU.ActiveCfg = Release|Any CPU
		{6A2D8C3A-D5D6-4395-A11A-F8D7664402E4}.Release|Any CPU.Build.0 = Release|Any CPU
	EndGlobalSection
	GlobalSection(SolutionProperties) = preSolution
		HideSolutionNode = FALSE
	EndGlobalSection
	GlobalSection(ExtensibilityGlobals) = postSolution
		SolutionGuid = {58A522C0-4D13-4309-BDD7-A729372E3D82}
	EndGlobalSection
EndGlobal
